
Microsoft Visual Studio Solution File, Format Version 12.00
# Visual Studio 2013
VisualStudioVersion = 12.0.21005.1
MinimumVisualStudioVersion = 10.0.40219.1
Project("{FAE04EC0-301F-11D3-BF4B-00C04F79EFBC}") = "Meteor Storm", "Meteor Storm\Meteor Storm.csproj", "{BBFD4530-C10C-427E-B590-390D3892AAFA}"
EndProject
Project("{FAE04EC0-301F-11D3-BF4B-00C04F79EFBC}") = "Meteor Storm.Web", "Meteor Storm.Web\Meteor Storm.Web.csproj", "{D023DCE4-A854-4740-89C1-C33FC1E23BB1}"
EndProject
Global
	GlobalSection(SolutionConfigurationPlatforms) = preSolution
		Debug|Any CPU = Debug|Any CPU
		Release|Any CPU = Release|Any CPU
	EndGlobalSection
	GlobalSection(ProjectConfigurationPlatforms) = postSolution
		{BBFD4530-C10C-427E-B590-390D3892AAFA}.Debug|Any CPU.ActiveCfg = Debug|Any CPU
		{BBFD4530-C10C-427E-B590-390D3892AAFA}.Debug|Any CPU.Build.0 = Debug|Any CPU
		{BBFD4530-C10C-427E-B590-390D3892AAFA}.Release|Any CPU.ActiveCfg = Release|Any CPU
		{BBFD4530-C10C-427E-B590-390D3892AAFA}.Release|Any CPU.Build.0 = Release|Any CPU
		{D023DCE4-A854-4740-89C1-C33FC1E23BB1}.Debug|Any CPU.ActiveCfg = Debug|Any CPU
		{D023DCE4-A854-4740-89C1-C33FC1E23BB1}.Debug|Any CPU.Build.0 = Debug|Any CPU
		{D023DCE4-A854-4740-89C1-C33FC1E23BB1}.Release|Any CPU.ActiveCfg = Release|Any CPU
		{D023DCE4-A854-4740-89C1-C33FC1E23BB1}.Release|Any CPU.Build.0 = Release|Any CPU
	EndGlobalSection
	GlobalSection(SolutionProperties) = preSolution
		HideSolutionNode = FALSE
	EndGlobalSection
EndGlobal
